
Microsoft Visual Studio Solution File, Format Version 12.00
# Visual Studio Version 17
VisualStudioVersion = 17.0.32014.148
MinimumVisualStudioVersion = 10.0.40219.1
Project("{FAE04EC0-301F-11D3-BF4B-00C04F79EFBC}") = "WebApplication1", "WebApplication1\WebApplication1.csproj", "{9655BF53-5D11-4EB8-A32C-CDE55284D640}"
EndProject
Global
	GlobalSection(SolutionConfigurationPlatforms) = preSolution
		Debug|Any CPU = Debug|Any CPU
		Release|Any CPU = Release|Any CPU
	EndGlobalSection
	GlobalSection(ProjectConfigurationPlatforms) = postSolution
		{9655BF53-5D11-4EB8-A32C-CDE55284D640}.Debug|Any CPU.ActiveCfg = Debug|Any CPU
		{9655BF53-5D11-4EB8-A32C-CDE55284D640}.Debug|Any CPU.Build.0 = Debug|Any CPU
		{9655BF53-5D11-4EB8-A32C-CDE55284D640}.Release|Any CPU.ActiveCfg = Release|Any CPU
		{9655BF53-5D11-4EB8-A32C-CDE55284D640}.Release|Any CPU.Build.0 = Release|Any CPU
	EndGlobalSection
	GlobalSection(SolutionProperties) = preSolution
		HideSolutionNode = FALSE
	EndGlobalSection
	GlobalSection(ExtensibilityGlobals) = postSolution
		SolutionGuid = {40E8A65C-D050-4A1C-9C07-DCE99589CFB1}
	EndGlobalSection
EndGlobal
